
Microsoft Visual Studio Solution File, Format Version 12.00
# 
Project("{FAE04EC0-301F-11D3-BF4B-00C04F79EFBC}") = "CoachlyWebApi", "CoachlyWebApi\CoachlyWebApi.csproj", "{3E4C509F-335C-4C14-8F69-91DC9052AA60}"
EndProject
Project("{FAE04EC0-301F-11D3-BF4B-00C04F79EFBC}") = "CoachlyBackEnd", "..\..\Backend\CoachlyBackEnd\CoachlyBackEnd.csproj", "{664AA00F-9F21-4A5B-A6EC-8BCFD04AF038}"
EndProject
Global
	GlobalSection(SolutionConfigurationPlatforms) = preSolution
		Debug|Any CPU = Debug|Any CPU
		Release|Any CPU = Release|Any CPU
	EndGlobalSection
	GlobalSection(ProjectConfigurationPlatforms) = postSolution
		{3E4C509F-335C-4C14-8F69-91DC9052AA60}.Debug|Any CPU.ActiveCfg = Debug|Any CPU
		{3E4C509F-335C-4C14-8F69-91DC9052AA60}.Debug|Any CPU.Build.0 = Debug|Any CPU
		{3E4C509F-335C-4C14-8F69-91DC9052AA60}.Release|Any CPU.ActiveCfg = Release|Any CPU
		{3E4C509F-335C-4C14-8F69-91DC9052AA60}.Release|Any CPU.Build.0 = Release|Any CPU
		{664AA00F-9F21-4A5B-A6EC-8BCFD04AF038}.Debug|Any CPU.ActiveCfg = Debug|Any CPU
		{664AA00F-9F21-4A5B-A6EC-8BCFD04AF038}.Debug|Any CPU.Build.0 = Debug|Any CPU
		{664AA00F-9F21-4A5B-A6EC-8BCFD04AF038}.Release|Any CPU.ActiveCfg = Release|Any CPU
		{664AA00F-9F21-4A5B-A6EC-8BCFD04AF038}.Release|Any CPU.Build.0 = Release|Any CPU
	EndGlobalSection
EndGlobal
